// !$*UTF8*$!
{
	archiveVersion = 1;
	classes = {
	};
	objectVersion = 50;
	objects = {

/* Begin PBXBuildFile section */
		9B6801B322290432003AB840 /* AppDelegate.m in Sources */ = {isa = PBXBuildFile; fileRef = 9B6801B222290432003AB840 /* AppDelegate.m */; };
		9B6801B622290432003AB840 /* ViewController.m in Sources */ = {isa = PBXBuildFile; fileRef = 9B6801B522290432003AB840 /* ViewController.m */; };
		9B6801B922290432003AB840 /* Main.storyboard in Resources */ = {isa = PBXBuildFile; fileRef = 9B6801B722290432003AB840 /* Main.storyboard */; };
		9B6801BB22290449003AB840 /* Assets.xcassets in Resources */ = {isa = PBXBuildFile; fileRef = 9B6801BA22290449003AB840 /* Assets.xcassets */; };
		9B6801BE22290449003AB840 /* LaunchScreen.storyboard in Resources */ = {isa = PBXBuildFile; fileRef = 9B6801BC22290449003AB840 /* LaunchScreen.storyboard */; };
		9B6801C122290449003AB840 /* main.m in Sources */ = {isa = PBXBuildFile; fileRef = 9B6801C022290449003AB840 /* main.m */; };
		9B6801CB22290449003AB840 /* DemoTests.m in Sources */ = {isa = PBXBuildFile; fileRef = 9B6801CA22290449003AB840 /* DemoTests.m */; };
		9B6801D622290449003AB840 /* DemoUITests.m in Sources */ = {isa = PBXBuildFile; fileRef = 9B6801D522290449003AB840 /* DemoUITests.m */; };
/* End PBXBuildFile section */

/* Begin PBXContainerItemProxy section */
		9B6801C722290449003AB840 /* PBXContainerItemProxy */ = {
			isa = PBXContainerItemProxy;
			containerPortal = 9B6801A622290431003AB840 /* Project object */;
			proxyType = 1;
			remoteGlobalIDString = 9B6801AD22290432003AB840;
			remoteInfo = Demo;
		};
		9B6801D222290449003AB840 /* PBXContainerItemProxy */ = {
			isa = PBXContainerItemProxy;
			containerPortal = 9B6801A622290431003AB840 /* Project object */;
			proxyType = 1;
			remoteGlobalIDString = 9B6801AD22290432003AB840;
			remoteInfo = Demo;
		};
/* End PBXContainerItemProxy section */

/* Begin PBXFileReference section */
		9B6801AE22290432003AB840 /* Demo.app */ = {isa = PBXFileReference; explicitFileType = wrapper.application; includeInIndex = 0; path = Demo.app; sourceTree = BUILT_PRODUCTS_DIR; };
		9B6801B122290432003AB840 /* AppDelegate.h */ = {isa = PBXFileReference; lastKnownFileType = sourcecode.c.h; path = AppDelegate.h; sourceTree = "<group>"; };
		9B6801B222290432003AB840 /* AppDelegate.m */ = {isa = PBXFileReference; lastKnownFileType = sourcecode.c.objc; path = AppDelegate.m; sourceTree = "<group>"; };
		9B6801B422290432003AB840 /* ViewController.h */ = {isa = PBXFileReference; lastKnownFileType = sourcecode.c.h; path = ViewController.h; sourceTree = "<group>"; };
		9B6801B522290432003AB840 /* ViewController.m */ = {isa = PBXFileReference; lastKnownFileType = sourcecode.c.objc; path = ViewController.m; sourceTree = "<group>"; };
		9B6801B822290432003AB840 /* Base */ = {isa = PBXFileReference; lastKnownFileType = file.storyboard; name = Base; path = Base.lproj/Main.storyboard; sourceTree = "<group>"; };
		9B6801BA22290449003AB840 /* Assets.xcassets */ = {isa = PBXFileReference; lastKnownFileType = folder.assetcatalog; path = Assets.xcassets; sourceTree = "<group>"; };
		9B6801BD22290449003AB840 /* Base */ = {isa = PBXFileReference; lastKnownFileType = file.storyboard; name = Base; path = Base.lproj/LaunchScreen.storyboard; sourceTree = "<group>"; };
		9B6801BF22290449003AB840 /* Info.plist */ = {isa = PBXFileReference; lastKnownFileType = text.plist.xml; path = Info.plist; sourceTree = "<group>"; };
		9B6801C022290449003AB840 /* main.m */ = {isa = PBXFileReference; lastKnownFileType = sourcecode.c.objc; path = main.m; sourceTree = "<group>"; };
		9B6801C622290449003AB840 /* DemoTests.xctest */ = {isa = PBXFileReference; explicitFileType = wrapper.cfbundle; includeInIndex = 0; path = DemoTests.xctest; sourceTree = BUILT_PRODUCTS_DIR; };
		9B6801CA22290449003AB840 /* DemoTests.m */ = {isa = PBXFileReference; lastKnownFileType = sourcecode.c.objc; path = DemoTests.m; sourceTree = "<group>"; };
		9B6801CC22290449003AB840 /* Info.plist */ = {isa = PBXFileReference; lastKnownFileType = text.plist.xml; path = Info.plist; sourceTree = "<group>"; };
		9B6801D122290449003AB840 /* DemoUITests.xctest */ = {isa = PBXFileReference; explicitFileType = wrapper.cfbundle; includeInIndex = 0; path = DemoUITests.xctest; sourceTree = BUILT_PRODUCTS_DIR; };
		9B6801D522290449003AB840 /* DemoUITests.m */ = {isa = PBXFileReference; lastKnownFileType = sourcecode.c.objc; path = DemoUITests.m; sourceTree = "<group>"; };
		9B6801D722290449003AB840 /* Info.plist */ = {isa = PBXFileReference; lastKnownFileType = text.plist.xml; path = Info.plist; sourceTree = "<group>"; };
/* End PBXFileReference section */

/* Begin PBXFrameworksBuildPhase section */
		9B6801AB22290432003AB840 /* Frameworks */ = {
			isa = PBXFrameworksBuildPhase;
			buildActionMask = 2147483647;
			files = (
			);
			runOnlyForDeploymentPostprocessing = 0;
		};
		9B6801C322290449003AB840 /* Frameworks */ = {
			isa = PBXFrameworksBuildPhase;
			buildActionMask = 2147483647;
			files = (
			);
			runOnlyForDeploymentPostprocessing = 0;
		};
		9B6801CE22290449003AB840 /* Frameworks */ = {
			isa = PBXFrameworksBuildPhase;
			buildActionMask = 2147483647;
			files = (
			);
			runOnlyForDeploymentPostprocessing = 0;
		};
/* End PBXFrameworksBuildPhase section */

/* Begin PBXGroup section */
		9B6801A522290431003AB840 = {
			isa = PBXGroup;
			children = (
				9B6801B022290432003AB840 /* Demo */,
				9B6801C922290449003AB840 /* DemoTests */,
				9B6801D422290449003AB840 /* DemoUITests */,
				9B6801AF22290432003AB840 /* Products */,
			);
			sourceTree = "<group>";
		};
		9B6801AF22290432003AB840 /* Products */ = {
			isa = PBXGroup;
			children = (
				9B6801AE22290432003AB840 /* Demo.app */,
				9B6801C622290449003AB840 /* DemoTests.xctest */,
				9B6801D122290449003AB840 /* DemoUITests.xctest */,
			);
			name = Products;
			sourceTree = "<group>";
		};
		9B6801B022290432003AB840 /* Demo */ = {
			isa = PBXGroup;
			children = (
				9B6801B122290432003AB840 /* AppDelegate.h */,
				9B6801B222290432003AB840 /* AppDelegate.m */,
				9B6801B422290432003AB840 /* ViewController.h */,
				9B6801B522290432003AB840 /* ViewController.m */,
				9B6801B722290432003AB840 /* Main.storyboard */,
				9B6801BA22290449003AB840 /* Assets.xcassets */,
				9B6801BC22290449003AB840 /* LaunchScreen.storyboard */,
				9B6801BF22290449003AB840 /* Info.plist */,
				9B6801C022290449003AB840 /* main.m */,
			);
			path = Demo;
			sourceTree = "<group>";
		};
		9B6801C922290449003AB840 /* DemoTests */ = {
			isa = PBXGroup;
			children = (
				9B6801CA22290449003AB840 /* DemoTests.m */,
				9B6801CC22290449003AB840 /* Info.plist */,
			);
			path = DemoTests;
			sourceTree = "<group>";
		};
		9B6801D422290449003AB840 /* DemoUITests */ = {
			isa = PBXGroup;
			children = (
				9B6801D522290449003AB840 /* DemoUITests.m */,
				9B6801D722290449003AB840 /* Info.plist */,
			);
			path = DemoUITests;
			sourceTree = "<group>";
		};
/* End PBXGroup section */

/* Begin PBXNativeTarget section */
		9B6801AD22290432003AB840 /* Demo */ = {
			isa = PBXNativeTarget;
			buildConfigurationList = 9B6801DA22290449003AB840 /* Build configuration list for PBXNativeTarget "Demo" */;
			buildPhases = (
				9B6801AA22290432003AB840 /* Sources */,
				9B6801AB22290432003AB840 /* Frameworks */,
				9B6801AC22290432003AB840 /* Resources */,
			);
			buildRules = (
			);
			dependencies = (
			);
			name = Demo;
			productName = Demo;
			productReference = 9B6801AE22290432003AB840 /* Demo.app */;
			productType = "com.apple.product-type.application";
		};
		9B6801C522290449003AB840 /* DemoTests */ = {
			isa = PBXNativeTarget;
			buildConfigurationList = 9B6801DD22290449003AB840 /* Build configuration list for PBXNativeTarget "DemoTests" */;
			buildPhases = (
				9B6801C222290449003AB840 /* Sources */,
				9B6801C322290449003AB840 /* Frameworks */,
				9B6801C422290449003AB840 /* Resources */,
			);
			buildRules = (
			);
			dependencies = (
				9B6801C822290449003AB840 /* PBXTargetDependency */,
			);
			name = DemoTests;
			productName = DemoTests;
			productReference = 9B6801C622290449003AB840 /* DemoTests.xctest */;
			productType = "com.apple.product-type.bundle.unit-test";
		};
		9B6801D022290449003AB840 /* DemoUITests */ = {
			isa = PBXNativeTarget;
			buildConfigurationList = 9B6801E022290449003AB840 /* Build configuration list for PBXNativeTarget "DemoUITests" */;
			buildPhases = (
				9B6801CD22290449003AB840 /* Sources */,
				9B6801CE22290449003AB840 /* Frameworks */,
				9B6801CF22290449003AB840 /* Resources */,
			);
			buildRules = (
			);
			dependencies = (
				9B6801D322290449003AB840 /* PBXTargetDependency */,
			);
			name = DemoUITests;
			productName = DemoUITests;
			productReference = 9B6801D122290449003AB840 /* DemoUITests.xctest */;
			productType = "com.apple.product-type.bundle.ui-testing";
		};
/* End PBXNativeTarget section */

/* Begin PBXProject section */
		9B6801A622290431003AB840 /* Project object */ = {
			isa = PBXProject;
			attributes = {
				LastUpgradeCheck = 1010;
				ORGANIZATIONNAME = "马超";
				TargetAttributes = {
					9B6801AD22290432003AB840 = {
						CreatedOnToolsVersion = 10.1;
					};
					9B6801C522290449003AB840 = {
						CreatedOnToolsVersion = 10.1;
						TestTargetID = 9B6801AD22290432003AB840;
					};
					9B6801D022290449003AB840 = {
						CreatedOnToolsVersion = 10.1;
						TestTargetID = 9B6801AD22290432003AB840;
					};
				};
			};
			buildConfigurationList = 9B6801A922290431003AB840 /* Build configuration list for PBXProject "Demo" */;
			compatibilityVersion = "Xcode 9.3";
			developmentRegion = en;
			hasScannedForEncodings = 0;
			knownRegions = (
				en,
				Base,
			);
			mainGroup = 9B6801A522290431003AB840;
			productRefGroup = 9B6801AF22290432003AB840 /* Products */;
			projectDirPath = "";
			projectRoot = "";
			targets = (
				9B6801AD22290432003AB840 /* Demo */,
				9B6801C522290449003AB840 /* DemoTests */,
				9B6801D022290449003AB840 /* DemoUITests */,
			);
		};
/* End PBXProject section */

/* Begin PBXResourcesBuildPhase section */
		9B6801AC22290432003AB840 /* Resources */ = {
			isa = PBXResourcesBuildPhase;
			buildActionMask = 2147483647;
			files = (
				9B6801BE22290449003AB840 /* LaunchScreen.storyboard in Resources */,
				9B6801BB22290449003AB840 /* Assets.xcassets in Resources */,
				9B6801B922290432003AB840 /* Main.storyboard in Resources */,
			);
			runOnlyForDeploymentPostprocessing = 0;
		};
		9B6801C422290449003AB840 /* Resources */ = {
			isa = PBXResourcesBuildPhase;
			buildActionMask = 2147483647;
			files = (
			);
			runOnlyForDeploymentPostprocessing = 0;
		};
		9B6801CF22290449003AB840 /* Resources */ = {
			isa = PBXResourcesBuildPhase;
			buildActionMask = 2147483647;
			files = (
			);
			runOnlyForDeploymentPostprocessing = 0;
		};
/* End PBXResourcesBuildPhase section */

/* Begin PBXSourcesBuildPhase section */
		9B6801AA22290432003AB840 /* Sources */ = {
			isa = PBXSourcesBuildPhase;
			buildActionMask = 2147483647;
			files = (
				9B6801B622290432003AB840 /* ViewController.m in Sources */,
				9B6801C122290449003AB840 /* main.m in Sources */,
				9B6801B322290432003AB840 /* AppDelegate.m in Sources */,
			);
			runOnlyForDeploymentPostprocessing = 0;
		};
		9B6801C222290449003AB840 /* Sources */ = {
			isa = PBXSourcesBuildPhase;
			buildActionMask = 2147483647;
			files = (
				9B6801CB22290449003AB840 /* DemoTests.m in Sources */,
			);
			runOnlyForDeploymentPostprocessing = 0;
		};
		9B6801CD22290449003AB840 /* Sources */ = {
			isa = PBXSourcesBuildPhase;
			buildActionMask = 2147483647;
			files = (
				9B6801D622290449003AB840 /* DemoUITests.m in Sources */,
			);
			runOnlyForDeploymentPostprocessing = 0;
		};
/* End PBXSourcesBuildPhase section */

/* Begin PBXTargetDependency section */
		9B6801C822290449003AB840 /* PBXTargetDependency */ = {
			isa = PBXTargetDependency;
			target = 9B6801AD22290432003AB840 /* Demo */;
			targetProxy = 9B6801C722290449003AB840 /* PBXContainerItemProxy */;
		};
		9B6801D322290449003AB840 /* PBXTargetDependency */ = {
			isa = PBXTargetDependency;
			target = 9B6801AD22290432003AB840 /* Demo */;
			targetProxy = 9B6801D222290449003AB840 /* PBXContainerItemProxy */;
		};
/* End PBXTargetDependency section */

/* Begin PBXVariantGroup section */
		9B6801B722290432003AB840 /* Main.storyboard */ = {
			isa = PBXVariantGroup;
			children = (
				9B6801B822290432003AB840 /* Base */,
			);
			name = Main.storyboard;
			sourceTree = "<group>";
		};
		9B6801BC22290449003AB840 /* LaunchScreen.storyboard */ = {
			isa = PBXVariantGroup;
			children = (
				9B6801BD22290449003AB840 /* Base */,
			);
			name = LaunchScreen.storyboard;
			sourceTree = "<group>";
		};
/* End PBXVariantGroup section */

/* Begin XCBuildConfiguration section */
		9B6801D822290449003AB840 /* Debug */ = {
			isa = XCBuildConfiguration;
			buildSettings = {
				ALWAYS_SEARCH_USER_PATHS = NO;
				CLANG_ANALYZER_NONNULL = YES;
				CLANG_ANALYZER_NUMBER_OBJECT_CONVERSION = YES_AGGRESSIVE;
				CLANG_CXX_LANGUAGE_STANDARD = "gnu++14";
				CLANG_CXX_LIBRARY = "libc++";
				CLANG_ENABLE_MODULES = YES;
				CLANG_ENABLE_OBJC_ARC = YES;
				CLANG_ENABLE_OBJC_WEAK = YES;
				CLANG_WARN_BLOCK_CAPTURE_AUTORELEASING = YES;
				CLANG_WARN_BOOL_CONVERSION = YES;
				CLANG_WARN_COMMA = YES;
				CLANG_WARN_CONSTANT_CONVERSION = YES;
				CLANG_WARN_DEPRECATED_OBJC_IMPLEMENTATIONS = YES;
				CLANG_WARN_DIRECT_OBJC_ISA_USAGE = YES_ERROR;
				CLANG_WARN_DOCUMENTATION_COMMENTS = YES;
				CLANG_WARN_EMPTY_BODY = YES;
				CLANG_WARN_ENUM_CONVERSION = YES;
				CLANG_WARN_INFINITE_RECURSION = YES;
				CLANG_WARN_INT_CONVERSION = YES;
				CLANG_WARN_NON_LITERAL_NULL_CONVERSION = YES;
				CLANG_WARN_OBJC_IMPLICIT_RETAIN_SELF = YES;
				CLANG_WARN_OBJC_LITERAL_CONVERSION = YES;
				CLANG_WARN_OBJC_ROOT_CLASS = YES_ERROR;
				CLANG_WARN_RANGE_LOOP_ANALYSIS = YES;
				CLANG_WARN_STRICT_PROTOTYPES = YES;
				CLANG_WARN_SUSPICIOUS_MOVE = YES;
				CLANG_WARN_UNGUARDED_AVAILABILITY = YES_AGGRESSIVE;
				CLANG_WARN_UNREACHABLE_CODE = YES;
				CLANG_WARN__DUPLICATE_METHOD_MATCH = YES;
				CODE_SIGN_IDENTITY = "iPhone Developer";
				COPY_PHASE_STRIP = NO;
				DEBUG_INFORMATION_FORMAT = dwarf;
				ENABLE_STRICT_OBJC_MSGSEND = YES;
				ENABLE_TESTABILITY = YES;
				GCC_C_LANGUAGE_STANDARD = gnu11;
				GCC_DYNAMIC_NO_PIC = NO;
				GCC_NO_COMMON_BLOCKS = YES;
				GCC_OPTIMIZATION_LEVEL = 0;
				GCC_PREPROCESSOR_DEFINITIONS = (
					"DEBUG=1",
					"$(inherited)",
				);
				GCC_WARN_64_TO_32_BIT_CONVERSION = YES;
				GCC_WARN_ABOUT_RETURN_TYPE = YES_ERROR;
				GCC_WARN_UNDECLARED_SELECTOR = YES;
				GCC_WARN_UNINITIALIZED_AUTOS = YES_AGGRESSIVE;
				GCC_WARN_UNUSED_FUNCTION = YES;
				GCC_WARN_UNUSED_VARIABLE = YES;
				IPHONEOS_DEPLOYMENT_TARGET = 12.1;
				MTL_ENABLE_DEBUG_INFO = INCLUDE_SOURCE;
				MTL_FAST_MATH = YES;
				ONLY_ACTIVE_ARCH = YES;
				SDKROOT = iphoneos;
			};
			name = Debug;
		};
		9B6801D922290449003AB840 /* Release */ = {
			isa = XCBuildConfiguration;
			buildSettings = {
				ALWAYS_SEARCH_USER_PATHS = NO;
				CLANG_ANALYZER_NONNULL = YES;
				CLANG_ANALYZER_NUMBER_OBJECT_CONVERSION = YES_AGGRESSIVE;
				CLANG_CXX_LANGUAGE_STANDARD = "gnu++14";
				CLANG_CXX_LIBRARY = "libc++";
				CLANG_ENABLE_MODULES = YES;
				CLANG_ENABLE_OBJC_ARC = YES;
				CLANG_ENABLE_OBJC_WEAK = YES;
				CLANG_WARN_BLOCK_CAPTURE_AUTORELEASING = YES;
				CLANG_WARN_BOOL_CONVERSION = YES;
				CLANG_WARN_COMMA = YES;
				CLANG_WARN_CONSTANT_CONVERSION = YES;
				CLANG_WARN_DEPRECATED_OBJC_IMPLEMENTATIONS = YES;
				CLANG_WARN_DIRECT_OBJC_ISA_USAGE = YES_ERROR;
				CLANG_WARN_DOCUMENTATION_COMMENTS = YES;
				CLANG_WARN_EMPTY_BODY = YES;
				CLANG_WARN_ENUM_CONVERSION = YES;
				CLANG_WARN_INFINITE_RECURSION = YES;
				CLANG_WARN_INT_CONVERSION = YES;
				CLANG_WARN_NON_LITERAL_NULL_CONVERSION = YES;
				CLANG_WARN_OBJC_IMPLICIT_RETAIN_SELF = YES;
				CLANG_WARN_OBJC_LITERAL_CONVERSION = YES;
				CLANG_WARN_OBJC_ROOT_CLASS = YES_ERROR;
				CLANG_WARN_RANGE_LOOP_ANALYSIS = YES;
				CLANG_WARN_STRICT_PROTOTYPES = YES;
				CLANG_WARN_SUSPICIOUS_MOVE = YES;
				CLANG_WARN_UNGUARDED_AVAILABILITY = YES_AGGRESSIVE;
				CLANG_WARN_UNREACHABLE_CODE = YES;
				CLANG_WARN__DUPLICATE_METHOD_MATCH = YES;
				CODE_SIGN_IDENTITY = "iPhone Developer";
				COPY_PHASE_STRIP = NO;
				DEBUG_INFORMATION_FORMAT = "dwarf-with-dsym";
				ENABLE_NS_ASSERTIONS = NO;
				ENABLE_STRICT_OBJC_MSGSEND = YES;
				GCC_C_LANGUAGE_STANDARD = gnu11;
				GCC_NO_COMMON_BLOCKS = YES;
				GCC_WARN_64_TO_32_BIT_CONVERSION = YES;
				GCC_WARN_ABOUT_RETURN_TYPE = YES_ERROR;
				GCC_WARN_UNDECLARED_SELECTOR = YES;
				GCC_WARN_UNINITIALIZED_AUTOS = YES_AGGRESSIVE;
				GCC_WARN_UNUSED_FUNCTION = YES;
				GCC_WARN_UNUSED_VARIABLE = YES;
				IPHONEOS_DEPLOYMENT_TARGET = 12.1;
				MTL_ENABLE_DEBUG_INFO = NO;
				MTL_FAST_MATH = YES;
				SDKROOT = iphoneos;
				VALIDATE_PRODUCT = YES;
			};
			name = Release;
		};
		9B6801DB22290449003AB840 /* Debug */ = {
			isa = XCBuildConfiguration;
			buildSettings = {
				ASSETCATALOG_COMPILER_APPICON_NAME = AppIcon;
				CODE_SIGN_STYLE = Automatic;
				INFOPLIST_FILE = Demo/Info.plist;
				LD_RUNPATH_SEARCH_PATHS = (
					"$(inherited)",
					"@executable_path/Frameworks",
				);
				PRODUCT_BUNDLE_IDENTIFIER = hongWang.Demo;
				PRODUCT_NAME = "$(TARGET_NAME)";
				TARGETED_DEVICE_FAMILY = "1,2";
			};
			name = Debug;
		};
		9B6801DC22290449003AB840 /* Release */ = {
			isa = XCBuildConfiguration;
			buildSettings = {
				ASSETCATALOG_COMPILER_APPICON_NAME = AppIcon;
				CODE_SIGN_STYLE = Automatic;
				INFOPLIST_FILE = Demo/Info.plist;
				LD_RUNPATH_SEARCH_PATHS = (
					"$(inherited)",
					"@executable_path/Frameworks",
				);
				PRODUCT_BUNDLE_IDENTIFIER = hongWang.Demo;
				PRODUCT_NAME = "$(TARGET_NAME)";
				TARGETED_DEVICE_FAMILY = "1,2";
			};
			name = Release;
		};
		9B6801DE22290449003AB840 /* Debug */ = {
			isa = XCBuildConfiguration;
			buildSettings = {
				BUNDLE_LOADER = "$(TEST_HOST)";
				CODE_SIGN_STYLE = Automatic;
				INFOPLIST_FILE = DemoTests/Info.plist;
				LD_RUNPATH_SEARCH_PATHS = (
					"$(inherited)",
					"@executable_path/Frameworks",
					"@loader_path/Frameworks",
				);
				PRODUCT_BUNDLE_IDENTIFIER = hongWang.DemoTests;
				PRODUCT_NAME = "$(TARGET_NAME)";
				TARGETED_DEVICE_FAMILY = "1,2";
				TEST_HOST = "$(BUILT_PRODUCTS_DIR)/Demo.app/Demo";
			};
			name = Debug;
		};
		9B6801DF22290449003AB840 /* Release */ = {
			isa = XCBuildConfiguration;
			buildSettings = {
				BUNDLE_LOADER = "$(TEST_HOST)";
				CODE_SIGN_STYLE = Automatic;
				INFOPLIST_FILE = DemoTests/Info.plist;
				LD_RUNPATH_SEARCH_PATHS = (
					"$(inherited)",
					"@executable_path/Frameworks",
					"@loader_path/Frameworks",
				);
				PRODUCT_BUNDLE_IDENTIFIER = hongWang.DemoTests;
				PRODUCT_NAME = "$(TARGET_NAME)";
				TARGETED_DEVICE_FAMILY = "1,2";
				TEST_HOST = "$(BUILT_PRODUCTS_DIR)/Demo.app/Demo";
			};
			name = Release;
		};
		9B6801E122290449003AB840 /* Debug */ = {
			isa = XCBuildConfiguration;
			buildSettings = {
				CODE_SIGN_STYLE = Automatic;
				INFOPLIST_FILE = DemoUITests/Info.plist;
				LD_RUNPATH_SEARCH_PATHS = (
					"$(inherited)",
					"@executable_path/Frameworks",
					"@loader_path/Frameworks",
				);
				PRODUCT_BUNDLE_IDENTIFIER = hongWang.DemoUITests;
				PRODUCT_NAME = "$(TARGET_NAME)";
				TARGETED_DEVICE_FAMILY = "1,2";
				TEST_TARGET_NAME = Demo;
			};
			name = Debug;
		};
		9B6801E222290449003AB840 /* Release */ = {
			isa = XCBuildConfiguration;
			buildSettings = {
				CODE_SIGN_STYLE = Automatic;
				INFOPLIST_FILE = DemoUITests/Info.plist;
				LD_RUNPATH_SEARCH_PATHS = (
					"$(inherited)",
					"@executable_path/Frameworks",
					"@loader_path/Frameworks",
				);
				PRODUCT_BUNDLE_IDENTIFIER = hongWang.DemoUITests;
				PRODUCT_NAME = "$(TARGET_NAME)";
				TARGETED_DEVICE_FAMILY = "1,2";
				TEST_TARGET_NAME = Demo;
			};
			name = Release;
		};
/* End XCBuildConfiguration section */

/* Begin XCConfigurationList section */
		9B6801A922290431003AB840 /* Build configuration list for PBXProject "Demo" */ = {
			isa = XCConfigurationList;
			buildConfigurations = (
				9B6801D822290449003AB840 /* Debug */,
				9B6801D922290449003AB840 /* Release */,
			);
			defaultConfigurationIsVisible = 0;
			defaultConfigurationName = Release;
		};
		9B6801DA22290449003AB840 /* Build configuration list for PBXNativeTarget "Demo" */ = {
			isa = XCConfigurationList;
			buildConfigurations = (
				9B6801DB22290449003AB840 /* Debug */,
				9B6801DC22290449003AB840 /* Release */,
			);
			defaultConfigurationIsVisible = 0;
			defaultConfigurationName = Release;
		};
		9B6801DD22290449003AB840 /* Build configuration list for PBXNativeTarget "DemoTests" */ = {
			isa = XCConfigurationList;
			buildConfigurations = (
				9B6801DE22290449003AB840 /* Debug */,
				9B6801DF22290449003AB840 /* Release */,
			);
			defaultConfigurationIsVisible = 0;
			defaultConfigurationName = Release;
		};
		9B6801E022290449003AB840 /* Build configuration list for PBXNativeTarget "DemoUITests" */ = {
			isa = XCConfigurationList;
			buildConfigurations = (
				9B6801E122290449003AB840 /* Debug */,
				9B6801E222290449003AB840 /* Release */,
			);
			defaultConfigurationIsVisible = 0;
			defaultConfigurationName = Release;
		};
/* End XCConfigurationList section */
	};
	rootObject = 9B6801A622290431003AB840 /* Project object */;
}
